
Microsoft Visual Studio Solution File, Format Version 12.00
# Visual Studio Version 16
VisualStudioVersion = 16.0.29123.88
MinimumVisualStudioVersion = 10.0.40219.1
Project("{FAE04EC0-301F-11D3-BF4B-00C04F79EFBC}") = "SSR", "SSR.csproj", "{1F31B55F-DCFD-498A-8671-EAC150557A81}"
EndProject
Global
	GlobalSection(SolutionConfigurationPlatforms) = preSolution
		Debug|Any CPU = Debug|Any CPU
		Release|Any CPU = Release|Any CPU
	EndGlobalSection
	GlobalSection(ProjectConfigurationPlatforms) = postSolution
		{1F31B55F-DCFD-498A-8671-EAC150557A81}.Debug|Any CPU.ActiveCfg = Debug|Any CPU
		{1F31B55F-DCFD-498A-8671-EAC150557A81}.Debug|Any CPU.Build.0 = Debug|Any CPU
		{1F31B55F-DCFD-498A-8671-EAC150557A81}.Release|Any CPU.ActiveCfg = Release|Any CPU
		{1F31B55F-DCFD-498A-8671-EAC150557A81}.Release|Any CPU.Build.0 = Release|Any CPU
	EndGlobalSection
	GlobalSection(SolutionProperties) = preSolution
		HideSolutionNode = FALSE
	EndGlobalSection
	GlobalSection(ExtensibilityGlobals) = postSolution
		SolutionGuid = {1CA53DFE-ECB6-4511-9ABC-D36554A2C326}
	EndGlobalSection
EndGlobal
